
Microsoft Visual Studio Solution File, Format Version 12.00
# Visual Studio 15
VisualStudioVersion = 15.0.27428.2037
MinimumVisualStudioVersion = 10.0.40219.1
Project("{FAE04EC0-301F-11D3-BF4B-00C04F79EFBC}") = "qlcanho", "qlcanho\qlcanho.csproj", "{4E2F5FCE-5C6E-4B81-8555-EFF9D2109E13}"
EndProject
Global
	GlobalSection(SolutionConfigurationPlatforms) = preSolution
		Debug|Any CPU = Debug|Any CPU
		Release|Any CPU = Release|Any CPU
	EndGlobalSection
	GlobalSection(ProjectConfigurationPlatforms) = postSolution
		{4E2F5FCE-5C6E-4B81-8555-EFF9D2109E13}.Debug|Any CPU.ActiveCfg = Debug|Any CPU
		{4E2F5FCE-5C6E-4B81-8555-EFF9D2109E13}.Debug|Any CPU.Build.0 = Debug|Any CPU
		{4E2F5FCE-5C6E-4B81-8555-EFF9D2109E13}.Release|Any CPU.ActiveCfg = Release|Any CPU
		{4E2F5FCE-5C6E-4B81-8555-EFF9D2109E13}.Release|Any CPU.Build.0 = Release|Any CPU
	EndGlobalSection
	GlobalSection(SolutionProperties) = preSolution
		HideSolutionNode = FALSE
	EndGlobalSection
	GlobalSection(ExtensibilityGlobals) = postSolution
		SolutionGuid = {2D2FF96B-852E-4873-A3D7-E9A8C2447D5F}
	EndGlobalSection
EndGlobal
